// !$*UTF8*$!
{
	archiveVersion = 1;
	classes = {
	};
	objectVersion = 50;
	objects = {

/* Begin PBXBuildFile section */
		FDA285802604D1D20027595E /* AppDelegate.swift in Sources */ = {isa = PBXBuildFile; fileRef = FDA2857F2604D1D20027595E /* AppDelegate.swift */; };
		FDA285822604D1D20027595E /* SceneDelegate.swift in Sources */ = {isa = PBXBuildFile; fileRef = FDA285812604D1D20027595E /* SceneDelegate.swift */; };
		FDA285842604D1D20027595E /* ViewController.swift in Sources */ = {isa = PBXBuildFile; fileRef = FDA285832604D1D20027595E /* ViewController.swift */; };
		FDA285872604D1D20027595E /* Main.storyboard in Resources */ = {isa = PBXBuildFile; fileRef = FDA285852604D1D20027595E /* Main.storyboard */; };
		FDA285892604D1D60027595E /* Assets.xcassets in Resources */ = {isa = PBXBuildFile; fileRef = FDA285882604D1D60027595E /* Assets.xcassets */; };
		FDA2858C2604D1D60027595E /* LaunchScreen.storyboard in Resources */ = {isa = PBXBuildFile; fileRef = FDA2858A2604D1D60027595E /* LaunchScreen.storyboard */; };
		FDA285972604D1D70027595E /* gitTestTests.swift in Sources */ = {isa = PBXBuildFile; fileRef = FDA285962604D1D70027595E /* gitTestTests.swift */; };
		FDA285A22604D1D70027595E /* gitTestUITests.swift in Sources */ = {isa = PBXBuildFile; fileRef = FDA285A12604D1D70027595E /* gitTestUITests.swift */; };
/* End PBXBuildFile section */

/* Begin PBXContainerItemProxy section */
		FDA285932604D1D70027595E /* PBXContainerItemProxy */ = {
			isa = PBXContainerItemProxy;
			containerPortal = FDA285742604D1D20027595E /* Project object */;
			proxyType = 1;
			remoteGlobalIDString = FDA2857B2604D1D20027595E;
			remoteInfo = gitTest;
		};
		FDA2859E2604D1D70027595E /* PBXContainerItemProxy */ = {
			isa = PBXContainerItemProxy;
			containerPortal = FDA285742604D1D20027595E /* Project object */;
			proxyType = 1;
			remoteGlobalIDString = FDA2857B2604D1D20027595E;
			remoteInfo = gitTest;
		};
/* End PBXContainerItemProxy section */

/* Begin PBXFileReference section */
		FDA2857C2604D1D20027595E /* gitTest.app */ = {isa = PBXFileReference; explicitFileType = wrapper.application; includeInIndex = 0; path = gitTest.app; sourceTree = BUILT_PRODUCTS_DIR; };
		FDA2857F2604D1D20027595E /* AppDelegate.swift */ = {isa = PBXFileReference; lastKnownFileType = sourcecode.swift; path = AppDelegate.swift; sourceTree = "<group>"; };
		FDA285812604D1D20027595E /* SceneDelegate.swift */ = {isa = PBXFileReference; lastKnownFileType = sourcecode.swift; path = SceneDelegate.swift; sourceTree = "<group>"; };
		FDA285832604D1D20027595E /* ViewController.swift */ = {isa = PBXFileReference; lastKnownFileType = sourcecode.swift; path = ViewController.swift; sourceTree = "<group>"; };
		FDA285862604D1D20027595E /* Base */ = {isa = PBXFileReference; lastKnownFileType = file.storyboard; name = Base; path = Base.lproj/Main.storyboard; sourceTree = "<group>"; };
		FDA285882604D1D60027595E /* Assets.xcassets */ = {isa = PBXFileReference; lastKnownFileType = folder.assetcatalog; path = Assets.xcassets; sourceTree = "<group>"; };
		FDA2858B2604D1D60027595E /* Base */ = {isa = PBXFileReference; lastKnownFileType = file.storyboard; name = Base; path = Base.lproj/LaunchScreen.storyboard; sourceTree = "<group>"; };
		FDA2858D2604D1D60027595E /* Info.plist */ = {isa = PBXFileReference; lastKnownFileType = text.plist.xml; path = Info.plist; sourceTree = "<group>"; };
		FDA285922604D1D70027595E /* gitTestTests.xctest */ = {isa = PBXFileReference; explicitFileType = wrapper.cfbundle; includeInIndex = 0; path = gitTestTests.xctest; sourceTree = BUILT_PRODUCTS_DIR; };
		FDA285962604D1D70027595E /* gitTestTests.swift */ = {isa = PBXFileReference; lastKnownFileType = sourcecode.swift; path = gitTestTests.swift; sourceTree = "<group>"; };
		FDA285982604D1D70027595E /* Info.plist */ = {isa = PBXFileReference; lastKnownFileType = text.plist.xml; path = Info.plist; sourceTree = "<group>"; };
		FDA2859D2604D1D70027595E /* gitTestUITests.xctest */ = {isa = PBXFileReference; explicitFileType = wrapper.cfbundle; includeInIndex = 0; path = gitTestUITests.xctest; sourceTree = BUILT_PRODUCTS_DIR; };
		FDA285A12604D1D70027595E /* gitTestUITests.swift */ = {isa = PBXFileReference; lastKnownFileType = sourcecode.swift; path = gitTestUITests.swift; sourceTree = "<group>"; };
		FDA285A32604D1D70027595E /* Info.plist */ = {isa = PBXFileReference; lastKnownFileType = text.plist.xml; path = Info.plist; sourceTree = "<group>"; };
/* End PBXFileReference section */

/* Begin PBXFrameworksBuildPhase section */
		FDA285792604D1D20027595E /* Frameworks */ = {
			isa = PBXFrameworksBuildPhase;
			buildActionMask = 2147483647;
			files = (
			);
			runOnlyForDeploymentPostprocessing = 0;
		};
		FDA2858F2604D1D70027595E /* Frameworks */ = {
			isa = PBXFrameworksBuildPhase;
			buildActionMask = 2147483647;
			files = (
			);
			runOnlyForDeploymentPostprocessing = 0;
		};
		FDA2859A2604D1D70027595E /* Frameworks */ = {
			isa = PBXFrameworksBuildPhase;
			buildActionMask = 2147483647;
			files = (
			);
			runOnlyForDeploymentPostprocessing = 0;
		};
/* End PBXFrameworksBuildPhase section */

/* Begin PBXGroup section */
		FDA285732604D1D20027595E = {
			isa = PBXGroup;
			children = (
				FDA2857E2604D1D20027595E /* gitTest */,
				FDA285952604D1D70027595E /* gitTestTests */,
				FDA285A02604D1D70027595E /* gitTestUITests */,
				FDA2857D2604D1D20027595E /* Products */,
			);
			sourceTree = "<group>";
		};
		FDA2857D2604D1D20027595E /* Products */ = {
			isa = PBXGroup;
			children = (
				FDA2857C2604D1D20027595E /* gitTest.app */,
				FDA285922604D1D70027595E /* gitTestTests.xctest */,
				FDA2859D2604D1D70027595E /* gitTestUITests.xctest */,
			);
			name = Products;
			sourceTree = "<group>";
		};
		FDA2857E2604D1D20027595E /* gitTest */ = {
			isa = PBXGroup;
			children = (
				FDA2857F2604D1D20027595E /* AppDelegate.swift */,
				FDA285812604D1D20027595E /* SceneDelegate.swift */,
				FDA285832604D1D20027595E /* ViewController.swift */,
				FDA285852604D1D20027595E /* Main.storyboard */,
				FDA285882604D1D60027595E /* Assets.xcassets */,
				FDA2858A2604D1D60027595E /* LaunchScreen.storyboard */,
				FDA2858D2604D1D60027595E /* Info.plist */,
			);
			path = gitTest;
			sourceTree = "<group>";
		};
		FDA285952604D1D70027595E /* gitTestTests */ = {
			isa = PBXGroup;
			children = (
				FDA285962604D1D70027595E /* gitTestTests.swift */,
				FDA285982604D1D70027595E /* Info.plist */,
			);
			path = gitTestTests;
			sourceTree = "<group>";
		};
		FDA285A02604D1D70027595E /* gitTestUITests */ = {
			isa = PBXGroup;
			children = (
				FDA285A12604D1D70027595E /* gitTestUITests.swift */,
				FDA285A32604D1D70027595E /* Info.plist */,
			);
			path = gitTestUITests;
			sourceTree = "<group>";
		};
/* End PBXGroup section */

/* Begin PBXNativeTarget section */
		FDA2857B2604D1D20027595E /* gitTest */ = {
			isa = PBXNativeTarget;
			buildConfigurationList = FDA285A62604D1D70027595E /* Build configuration list for PBXNativeTarget "gitTest" */;
			buildPhases = (
				FDA285782604D1D20027595E /* Sources */,
				FDA285792604D1D20027595E /* Frameworks */,
				FDA2857A2604D1D20027595E /* Resources */,
			);
			buildRules = (
			);
			dependencies = (
			);
			name = gitTest;
			productName = gitTest;
			productReference = FDA2857C2604D1D20027595E /* gitTest.app */;
			productType = "com.apple.product-type.application";
		};
		FDA285912604D1D70027595E /* gitTestTests */ = {
			isa = PBXNativeTarget;
			buildConfigurationList = FDA285A92604D1D70027595E /* Build configuration list for PBXNativeTarget "gitTestTests" */;
			buildPhases = (
				FDA2858E2604D1D70027595E /* Sources */,
				FDA2858F2604D1D70027595E /* Frameworks */,
				FDA285902604D1D70027595E /* Resources */,
			);
			buildRules = (
			);
			dependencies = (
				FDA285942604D1D70027595E /* PBXTargetDependency */,
			);
			name = gitTestTests;
			productName = gitTestTests;
			productReference = FDA285922604D1D70027595E /* gitTestTests.xctest */;
			productType = "com.apple.product-type.bundle.unit-test";
		};
		FDA2859C2604D1D70027595E /* gitTestUITests */ = {
			isa = PBXNativeTarget;
			buildConfigurationList = FDA285AC2604D1D70027595E /* Build configuration list for PBXNativeTarget "gitTestUITests" */;
			buildPhases = (
				FDA285992604D1D70027595E /* Sources */,
				FDA2859A2604D1D70027595E /* Frameworks */,
				FDA2859B2604D1D70027595E /* Resources */,
			);
			buildRules = (
			);
			dependencies = (
				FDA2859F2604D1D70027595E /* PBXTargetDependency */,
			);
			name = gitTestUITests;
			productName = gitTestUITests;
			productReference = FDA2859D2604D1D70027595E /* gitTestUITests.xctest */;
			productType = "com.apple.product-type.bundle.ui-testing";
		};
/* End PBXNativeTarget section */

/* Begin PBXProject section */
		FDA285742604D1D20027595E /* Project object */ = {
			isa = PBXProject;
			attributes = {
				LastSwiftUpdateCheck = 1230;
				LastUpgradeCheck = 1230;
				TargetAttributes = {
					FDA2857B2604D1D20027595E = {
						CreatedOnToolsVersion = 12.3;
					};
					FDA285912604D1D70027595E = {
						CreatedOnToolsVersion = 12.3;
						TestTargetID = FDA2857B2604D1D20027595E;
					};
					FDA2859C2604D1D70027595E = {
						CreatedOnToolsVersion = 12.3;
						TestTargetID = FDA2857B2604D1D20027595E;
					};
				};
			};
			buildConfigurationList = FDA285772604D1D20027595E /* Build configuration list for PBXProject "gitTest" */;
			compatibilityVersion = "Xcode 9.3";
			developmentRegion = en;
			hasScannedForEncodings = 0;
			knownRegions = (
				en,
				Base,
			);
			mainGroup = FDA285732604D1D20027595E;
			productRefGroup = FDA2857D2604D1D20027595E /* Products */;
			projectDirPath = "";
			projectRoot = "";
			targets = (
				FDA2857B2604D1D20027595E /* gitTest */,
				FDA285912604D1D70027595E /* gitTestTests */,
				FDA2859C2604D1D70027595E /* gitTestUITests */,
			);
		};
/* End PBXProject section */

/* Begin PBXResourcesBuildPhase section */
		FDA2857A2604D1D20027595E /* Resources */ = {
			isa = PBXResourcesBuildPhase;
			buildActionMask = 2147483647;
			files = (
				FDA2858C2604D1D60027595E /* LaunchScreen.storyboard in Resources */,
				FDA285892604D1D60027595E /* Assets.xcassets in Resources */,
				FDA285872604D1D20027595E /* Main.storyboard in Resources */,
			);
			runOnlyForDeploymentPostprocessing = 0;
		};
		FDA285902604D1D70027595E /* Resources */ = {
			isa = PBXResourcesBuildPhase;
			buildActionMask = 2147483647;
			files = (
			);
			runOnlyForDeploymentPostprocessing = 0;
		};
		FDA2859B2604D1D70027595E /* Resources */ = {
			isa = PBXResourcesBuildPhase;
			buildActionMask = 2147483647;
			files = (
			);
			runOnlyForDeploymentPostprocessing = 0;
		};
/* End PBXResourcesBuildPhase section */

/* Begin PBXSourcesBuildPhase section */
		FDA285782604D1D20027595E /* Sources */ = {
			isa = PBXSourcesBuildPhase;
			buildActionMask = 2147483647;
			files = (
				FDA285842604D1D20027595E /* ViewController.swift in Sources */,
				FDA285802604D1D20027595E /* AppDelegate.swift in Sources */,
				FDA285822604D1D20027595E /* SceneDelegate.swift in Sources */,
			);
			runOnlyForDeploymentPostprocessing = 0;
		};
		FDA2858E2604D1D70027595E /* Sources */ = {
			isa = PBXSourcesBuildPhase;
			buildActionMask = 2147483647;
			files = (
				FDA285972604D1D70027595E /* gitTestTests.swift in Sources */,
			);
			runOnlyForDeploymentPostprocessing = 0;
		};
		FDA285992604D1D70027595E /* Sources */ = {
			isa = PBXSourcesBuildPhase;
			buildActionMask = 2147483647;
			files = (
				FDA285A22604D1D70027595E /* gitTestUITests.swift in Sources */,
			);
			runOnlyForDeploymentPostprocessing = 0;
		};
/* End PBXSourcesBuildPhase section */

/* Begin PBXTargetDependency section */
		FDA285942604D1D70027595E /* PBXTargetDependency */ = {
			isa = PBXTargetDependency;
			target = FDA2857B2604D1D20027595E /* gitTest */;
			targetProxy = FDA285932604D1D70027595E /* PBXContainerItemProxy */;
		};
		FDA2859F2604D1D70027595E /* PBXTargetDependency */ = {
			isa = PBXTargetDependency;
			target = FDA2857B2604D1D20027595E /* gitTest */;
			targetProxy = FDA2859E2604D1D70027595E /* PBXContainerItemProxy */;
		};
/* End PBXTargetDependency section */

/* Begin PBXVariantGroup section */
		FDA285852604D1D20027595E /* Main.storyboard */ = {
			isa = PBXVariantGroup;
			children = (
				FDA285862604D1D20027595E /* Base */,
			);
			name = Main.storyboard;
			sourceTree = "<group>";
		};
		FDA2858A2604D1D60027595E /* LaunchScreen.storyboard */ = {
			isa = PBXVariantGroup;
			children = (
				FDA2858B2604D1D60027595E /* Base */,
			);
			name = LaunchScreen.storyboard;
			sourceTree = "<group>";
		};
/* End PBXVariantGroup section */

/* Begin XCBuildConfiguration section */
		FDA285A42604D1D70027595E /* Debug */ = {
			isa = XCBuildConfiguration;
			buildSettings = {
				ALWAYS_SEARCH_USER_PATHS = NO;
				CLANG_ANALYZER_NONNULL = YES;
				CLANG_ANALYZER_NUMBER_OBJECT_CONVERSION = YES_AGGRESSIVE;
				CLANG_CXX_LANGUAGE_STANDARD = "gnu++14";
				CLANG_CXX_LIBRARY = "libc++";
				CLANG_ENABLE_MODULES = YES;
				CLANG_ENABLE_OBJC_ARC = YES;
				CLANG_ENABLE_OBJC_WEAK = YES;
				CLANG_WARN_BLOCK_CAPTURE_AUTORELEASING = YES;
				CLANG_WARN_BOOL_CONVERSION = YES;
				CLANG_WARN_COMMA = YES;
				CLANG_WARN_CONSTANT_CONVERSION = YES;
				CLANG_WARN_DEPRECATED_OBJC_IMPLEMENTATIONS = YES;
				CLANG_WARN_DIRECT_OBJC_ISA_USAGE = YES_ERROR;
				CLANG_WARN_DOCUMENTATION_COMMENTS = YES;
				CLANG_WARN_EMPTY_BODY = YES;
				CLANG_WARN_ENUM_CONVERSION = YES;
				CLANG_WARN_INFINITE_RECURSION = YES;
				CLANG_WARN_INT_CONVERSION = YES;
				CLANG_WARN_NON_LITERAL_NULL_CONVERSION = YES;
				CLANG_WARN_OBJC_IMPLICIT_RETAIN_SELF = YES;
				CLANG_WARN_OBJC_LITERAL_CONVERSION = YES;
				CLANG_WARN_OBJC_ROOT_CLASS = YES_ERROR;
				CLANG_WARN_QUOTED_INCLUDE_IN_FRAMEWORK_HEADER = YES;
				CLANG_WARN_RANGE_LOOP_ANALYSIS = YES;
				CLANG_WARN_STRICT_PROTOTYPES = YES;
				CLANG_WARN_SUSPICIOUS_MOVE = YES;
				CLANG_WARN_UNGUARDED_AVAILABILITY = YES_AGGRESSIVE;
				CLANG_WARN_UNREACHABLE_CODE = YES;
				CLANG_WARN__DUPLICATE_METHOD_MATCH = YES;
				COPY_PHASE_STRIP = NO;
				DEBUG_INFORMATION_FORMAT = dwarf;
				ENABLE_STRICT_OBJC_MSGSEND = YES;
				ENABLE_TESTABILITY = YES;
				GCC_C_LANGUAGE_STANDARD = gnu11;
				GCC_DYNAMIC_NO_PIC = NO;
				GCC_NO_COMMON_BLOCKS = YES;
				GCC_OPTIMIZATION_LEVEL = 0;
				GCC_PREPROCESSOR_DEFINITIONS = (
					"DEBUG=1",
					"$(inherited)",
				);
				GCC_WARN_64_TO_32_BIT_CONVERSION = YES;
				GCC_WARN_ABOUT_RETURN_TYPE = YES_ERROR;
				GCC_WARN_UNDECLARED_SELECTOR = YES;
				GCC_WARN_UNINITIALIZED_AUTOS = YES_AGGRESSIVE;
				GCC_WARN_UNUSED_FUNCTION = YES;
				GCC_WARN_UNUSED_VARIABLE = YES;
				IPHONEOS_DEPLOYMENT_TARGET = 14.3;
				MTL_ENABLE_DEBUG_INFO = INCLUDE_SOURCE;
				MTL_FAST_MATH = YES;
				ONLY_ACTIVE_ARCH = YES;
				SDKROOT = iphoneos;
				SWIFT_ACTIVE_COMPILATION_CONDITIONS = DEBUG;
				SWIFT_OPTIMIZATION_LEVEL = "-Onone";
			};
			name = Debug;
		};
		FDA285A52604D1D70027595E /* Release */ = {
			isa = XCBuildConfiguration;
			buildSettings = {
				ALWAYS_SEARCH_USER_PATHS = NO;
				CLANG_ANALYZER_NONNULL = YES;
				CLANG_ANALYZER_NUMBER_OBJECT_CONVERSION = YES_AGGRESSIVE;
				CLANG_CXX_LANGUAGE_STANDARD = "gnu++14";
				CLANG_CXX_LIBRARY = "libc++";
				CLANG_ENABLE_MODULES = YES;
				CLANG_ENABLE_OBJC_ARC = YES;
				CLANG_ENABLE_OBJC_WEAK = YES;
				CLANG_WARN_BLOCK_CAPTURE_AUTORELEASING = YES;
				CLANG_WARN_BOOL_CONVERSION = YES;
				CLANG_WARN_COMMA = YES;
				CLANG_WARN_CONSTANT_CONVERSION = YES;
				CLANG_WARN_DEPRECATED_OBJC_IMPLEMENTATIONS = YES;
				CLANG_WARN_DIRECT_OBJC_ISA_USAGE = YES_ERROR;
				CLANG_WARN_DOCUMENTATION_COMMENTS = YES;
				CLANG_WARN_EMPTY_BODY = YES;
				CLANG_WARN_ENUM_CONVERSION = YES;
				CLANG_WARN_INFINITE_RECURSION = YES;
				CLANG_WARN_INT_CONVERSION = YES;
				CLANG_WARN_NON_LITERAL_NULL_CONVERSION = YES;
				CLANG_WARN_OBJC_IMPLICIT_RETAIN_SELF = YES;
				CLANG_WARN_OBJC_LITERAL_CONVERSION = YES;
				CLANG_WARN_OBJC_ROOT_CLASS = YES_ERROR;
				CLANG_WARN_QUOTED_INCLUDE_IN_FRAMEWORK_HEADER = YES;
				CLANG_WARN_RANGE_LOOP_ANALYSIS = YES;
				CLANG_WARN_STRICT_PROTOTYPES = YES;
				CLANG_WARN_SUSPICIOUS_MOVE = YES;
				CLANG_WARN_UNGUARDED_AVAILABILITY = YES_AGGRESSIVE;
				CLANG_WARN_UNREACHABLE_CODE = YES;
				CLANG_WARN__DUPLICATE_METHOD_MATCH = YES;
				COPY_PHASE_STRIP = NO;
				DEBUG_INFORMATION_FORMAT = "dwarf-with-dsym";
				ENABLE_NS_ASSERTIONS = NO;
				ENABLE_STRICT_OBJC_MSGSEND = YES;
				GCC_C_LANGUAGE_STANDARD = gnu11;
				GCC_NO_COMMON_BLOCKS = YES;
				GCC_WARN_64_TO_32_BIT_CONVERSION = YES;
				GCC_WARN_ABOUT_RETURN_TYPE = YES_ERROR;
				GCC_WARN_UNDECLARED_SELECTOR = YES;
				GCC_WARN_UNINITIALIZED_AUTOS = YES_AGGRESSIVE;
				GCC_WARN_UNUSED_FUNCTION = YES;
				GCC_WARN_UNUSED_VARIABLE = YES;
				IPHONEOS_DEPLOYMENT_TARGET = 14.3;
				MTL_ENABLE_DEBUG_INFO = NO;
				MTL_FAST_MATH = YES;
				SDKROOT = iphoneos;
				SWIFT_COMPILATION_MODE = wholemodule;
				SWIFT_OPTIMIZATION_LEVEL = "-O";
				VALIDATE_PRODUCT = YES;
			};
			name = Release;
		};
		FDA285A72604D1D70027595E /* Debug */ = {
			isa = XCBuildConfiguration;
			buildSettings = {
				ASSETCATALOG_COMPILER_APPICON_NAME = AppIcon;
				ASSETCATALOG_COMPILER_GLOBAL_ACCENT_COLOR_NAME = AccentColor;
				CODE_SIGN_STYLE = Automatic;
				INFOPLIST_FILE = gitTest/Info.plist;
				LD_RUNPATH_SEARCH_PATHS = (
					"$(inherited)",
					"@executable_path/Frameworks",
				);
				PRODUCT_BUNDLE_IDENTIFIER = "SWCA-Mobile-apps.gitTest";
				PRODUCT_NAME = "$(TARGET_NAME)";
				SWIFT_VERSION = 5.0;
				TARGETED_DEVICE_FAMILY = "1,2";
			};
			name = Debug;
		};
		FDA285A82604D1D70027595E /* Release */ = {
			isa = XCBuildConfiguration;
			buildSettings = {
				ASSETCATALOG_COMPILER_APPICON_NAME = AppIcon;
				ASSETCATALOG_COMPILER_GLOBAL_ACCENT_COLOR_NAME = AccentColor;
				CODE_SIGN_STYLE = Automatic;
				INFOPLIST_FILE = gitTest/Info.plist;
				LD_RUNPATH_SEARCH_PATHS = (
					"$(inherited)",
					"@executable_path/Frameworks",
				);
				PRODUCT_BUNDLE_IDENTIFIER = "SWCA-Mobile-apps.gitTest";
				PRODUCT_NAME = "$(TARGET_NAME)";
				SWIFT_VERSION = 5.0;
				TARGETED_DEVICE_FAMILY = "1,2";
			};
			name = Release;
		};
		FDA285AA2604D1D70027595E /* Debug */ = {
			isa = XCBuildConfiguration;
			buildSettings = {
				ALWAYS_EMBED_SWIFT_STANDARD_LIBRARIES = YES;
				BUNDLE_LOADER = "$(TEST_HOST)";
				CODE_SIGN_STYLE = Automatic;
				INFOPLIST_FILE = gitTestTests/Info.plist;
				IPHONEOS_DEPLOYMENT_TARGET = 14.3;
				LD_RUNPATH_SEARCH_PATHS = (
					"$(inherited)",
					"@executable_path/Frameworks",
					"@loader_path/Frameworks",
				);
				PRODUCT_BUNDLE_IDENTIFIER = "SWCA-Mobile-apps.gitTestTests";
				PRODUCT_NAME = "$(TARGET_NAME)";
				SWIFT_VERSION = 5.0;
				TARGETED_DEVICE_FAMILY = "1,2";
				TEST_HOST = "$(BUILT_PRODUCTS_DIR)/gitTest.app/gitTest";
			};
			name = Debug;
		};
		FDA285AB2604D1D70027595E /* Release */ = {
			isa = XCBuildConfiguration;
			buildSettings = {
				ALWAYS_EMBED_SWIFT_STANDARD_LIBRARIES = YES;
				BUNDLE_LOADER = "$(TEST_HOST)";
				CODE_SIGN_STYLE = Automatic;
				INFOPLIST_FILE = gitTestTests/Info.plist;
				IPHONEOS_DEPLOYMENT_TARGET = 14.3;
				LD_RUNPATH_SEARCH_PATHS = (
					"$(inherited)",
					"@executable_path/Frameworks",
					"@loader_path/Frameworks",
				);
				PRODUCT_BUNDLE_IDENTIFIER = "SWCA-Mobile-apps.gitTestTests";
				PRODUCT_NAME = "$(TARGET_NAME)";
				SWIFT_VERSION = 5.0;
				TARGETED_DEVICE_FAMILY = "1,2";
				TEST_HOST = "$(BUILT_PRODUCTS_DIR)/gitTest.app/gitTest";
			};
			name = Release;
		};
		FDA285AD2604D1D70027595E /* Debug */ = {
			isa = XCBuildConfiguration;
			buildSettings = {
				ALWAYS_EMBED_SWIFT_STANDARD_LIBRARIES = YES;
				CODE_SIGN_STYLE = Automatic;
				INFOPLIST_FILE = gitTestUITests/Info.plist;
				LD_RUNPATH_SEARCH_PATHS = (
					"$(inherited)",
					"@executable_path/Frameworks",
					"@loader_path/Frameworks",
				);
				PRODUCT_BUNDLE_IDENTIFIER = "SWCA-Mobile-apps.gitTestUITests";
				PRODUCT_NAME = "$(TARGET_NAME)";
				SWIFT_VERSION = 5.0;
				TARGETED_DEVICE_FAMILY = "1,2";
				TEST_TARGET_NAME = gitTest;
			};
			name = Debug;
		};
		FDA285AE2604D1D70027595E /* Release */ = {
			isa = XCBuildConfiguration;
			buildSettings = {
				ALWAYS_EMBED_SWIFT_STANDARD_LIBRARIES = YES;
				CODE_SIGN_STYLE = Automatic;
				INFOPLIST_FILE = gitTestUITests/Info.plist;
				LD_RUNPATH_SEARCH_PATHS = (
					"$(inherited)",
					"@executable_path/Frameworks",
					"@loader_path/Frameworks",
				);
				PRODUCT_BUNDLE_IDENTIFIER = "SWCA-Mobile-apps.gitTestUITests";
				PRODUCT_NAME = "$(TARGET_NAME)";
				SWIFT_VERSION = 5.0;
				TARGETED_DEVICE_FAMILY = "1,2";
				TEST_TARGET_NAME = gitTest;
			};
			name = Release;
		};
/* End XCBuildConfiguration section */

/* Begin XCConfigurationList section */
		FDA285772604D1D20027595E /* Build configuration list for PBXProject "gitTest" */ = {
			isa = XCConfigurationList;
			buildConfigurations = (
				FDA285A42604D1D70027595E /* Debug */,
				FDA285A52604D1D70027595E /* Release */,
			);
			defaultConfigurationIsVisible = 0;
			defaultConfigurationName = Release;
		};
		FDA285A62604D1D70027595E /* Build configuration list for PBXNativeTarget "gitTest" */ = {
			isa = XCConfigurationList;
			buildConfigurations = (
				FDA285A72604D1D70027595E /* Debug */,
				FDA285A82604D1D70027595E /* Release */,
			);
			defaultConfigurationIsVisible = 0;
			defaultConfigurationName = Release;
		};
		FDA285A92604D1D70027595E /* Build configuration list for PBXNativeTarget "gitTestTests" */ = {
			isa = XCConfigurationList;
			buildConfigurations = (
				FDA285AA2604D1D70027595E /* Debug */,
				FDA285AB2604D1D70027595E /* Release */,
			);
			defaultConfigurationIsVisible = 0;
			defaultConfigurationName = Release;
		};
		FDA285AC2604D1D70027595E /* Build configuration list for PBXNativeTarget "gitTestUITests" */ = {
			isa = XCConfigurationList;
			buildConfigurations = (
				FDA285AD2604D1D70027595E /* Debug */,
				FDA285AE2604D1D70027595E /* Release */,
			);
			defaultConfigurationIsVisible = 0;
			defaultConfigurationName = Release;
		};
/* End XCConfigurationList section */
	};
	rootObject = FDA285742604D1D20027595E /* Project object */;
}
